[[package]]
name = "certifi"
version = "2020.12.5"
description = "Python package for providing Mozilla's CA Bundle."
category = "main"
optional = false
python-versions = "*"

[[package]]
name = "chardet"
version = "4.0.0"
description = "Universal encoding detector for Python 2 and 3"
category = "main"
optional = false
python-versions = ">=2.7, !=3.0.*, !=3.1.*, !=3.2.*, !=3.3.*, !=3.4.*"

[[package]]
name = "click"
version = "7.1.2"
description = "Composable command line interface toolkit"
category = "main"
optional = false
python-versions = ">=2.7, !=3.0.*, !=3.1.*, !=3.2.*, !=3.3.*, !=3.4.*"

[[package]]
name = "flask"
version = "1.1.2"
description = "A simple framework for building complex web applications."
category = "main"
optional = false
python-versions = ">=2.7, !=3.0.*, !=3.1.*, !=3.2.*, !=3.3.*, !=3.4.*"

[package.dependencies]
click = ">=5.1"
itsdangerous = ">=0.24"
Jinja2 = ">=2.10.1"
Werkzeug = ">=0.15"

[package.extras]
dev = ["pytest", "coverage", "tox", "sphinx", "pallets-sphinx-themes", "sphinxcontrib-log-cabinet", "sphinx-issues"]
docs = ["sphinx", "pallets-sphinx-themes", "sphinxcontrib-log-cabinet", "sphinx-issues"]
dotenv = ["python-dotenv"]

[[package]]
name = "flask-autoindex"
version = "0.6.6"
description = "The mod_autoindex for Flask"
category = "main"
optional = false
python-versions = "*"

[package.dependencies]
Flask = ">=1.1"
Flask-Silk = ">=0.2"
future = ">=0.13.0"

[[package]]
name = "flask-silk"
version = "0.2"
description = "Adds silk icons to your Flask application or blueprint, or extension."
category = "main"
optional = false
python-versions = "*"

[package.dependencies]
Flask = ">=0.8"

[[package]]
name = "future"
version = "0.18.2"
description = "Clean single-source support for Python 3 and 2"
category = "main"
optional = false
python-versions = ">=2.6, !=3.0.*, !=3.1.*, !=3.2.*"

[[package]]
name = "idna"
version = "2.10"
description = "Internationalized Domain Names in Applications (IDNA)"
category = "main"
optional = false
python-versions = ">=2.7, !=3.0.*, !=3.1.*, !=3.2.*, !=3.3.*"

[[package]]
name = "itsdangerous"
version = "1.1.0"
description = "Various helpers to pass data to untrusted environments and back."
category = "main"
optional = false
python-versions = ">=2.7, !=3.0.*, !=3.1.*, !=3.2.*, !=3.3.*"

[[package]]
name = "jinja2"
version = "2.11.3"
description = "A very fast and expressive template engine."
category = "main"
optional = false
python-versions = ">=2.7, !=3.0.*, !=3.1.*, !=3.2.*, !=3.3.*, !=3.4.*"

[package.dependencies]
MarkupSafe = ">=0.23"

[package.extras]
i18n = ["Babel (>=0.8)"]

[[package]]
name = "markupsafe"
version = "1.1.1"
description = "Safely add untrusted strings to HTML/XML markup."
category = "main"
optional = false
python-versions = ">=2.7,!=3.0.*,!=3.1.*,!=3.2.*,!=3.3.*"

[[package]]
name = "ply"
version = "3.11"
description = "Python Lex & Yacc"
category = "main"
optional = false
python-versions = "*"

[[package]]
name = "pyasn1"
version = "0.4.8"
description = "ASN.1 types and codecs"
category = "main"
optional = false
python-versions = "*"

[[package]]
name = "pycryptodomex"
version = "3.10.1"
description = "Cryptographic library for Python"
category = "main"
optional = false
python-versions = ">=2.7, !=3.0.*, !=3.1.*, !=3.2.*, !=3.3.*, !=3.4.*"

[[package]]
name = "pymongo"
version = "3.11.3"
description = "Python driver for MongoDB <http://www.mongodb.org>"
category = "main"
optional = false
python-versions = "*"

[package.extras]
aws = ["pymongo-auth-aws (<2.0.0)"]
encryption = ["pymongocrypt (<2.0.0)"]
gssapi = ["pykerberos"]
ocsp = ["pyopenssl (>=17.2.0)", "requests (<3.0.0)", "service-identity (>=18.1.0)"]
snappy = ["python-snappy"]
srv = ["dnspython (>=1.16.0,<1.17.0)"]
tls = ["ipaddress"]
zstd = ["zstandard"]

[[package]]
name = "pysmi"
version = "0.3.4"
description = "SNMP SMI/MIB Parser"
category = "main"
optional = false
python-versions = "*"

[package.dependencies]
ply = "*"

[[package]]
name = "pysnmp"
version = "4.4.12"
description = "SNMP library for Python"
category = "main"
optional = false
python-versions = "*"

[package.dependencies]
pyasn1 = ">=0.2.3"
pycryptodomex = "*"
pysmi = "*"

[[package]]
name = "pyyaml"
version = "5.4.1"
description = "YAML parser and emitter for Python"
category = "main"
optional = false
python-versions = ">=2.7, !=3.0.*, !=3.1.*, !=3.2.*, !=3.3.*, !=3.4.*, !=3.5.*"

[[package]]
name = "requests"
version = "2.25.1"
description = "Python HTTP for Humans."
category = "main"
optional = false
python-versions = ">=2.7, !=3.0.*, !=3.1.*, !=3.2.*, !=3.3.*, !=3.4.*"

[package.dependencies]
certifi = ">=2017.4.17"
chardet = ">=3.0.2,<5"
idna = ">=2.5,<3"
urllib3 = ">=1.21.1,<1.27"

[package.extras]
security = ["pyOpenSSL (>=0.14)", "cryptography (>=1.3.4)"]
socks = ["PySocks (>=1.5.6,!=1.5.7)", "win-inet-pton"]

[[package]]
name = "urllib3"
version = "1.26.3"
description = "HTTP library with thread-safe connection pooling, file post, and more."
category = "main"
optional = false
python-versions = ">=2.7, !=3.0.*, !=3.1.*, !=3.2.*, !=3.3.*, !=3.4.*, <4"

[package.extras]
brotli = ["brotlipy (>=0.6.0)"]
secure = ["pyOpenSSL (>=0.14)", "cryptography (>=1.3.4)", "idna (>=2.0.0)", "certifi", "ipaddress"]
socks = ["PySocks (>=1.5.6,!=1.5.7,<2.0)"]

[[package]]
name = "werkzeug"
version = "1.0.1"
description = "The comprehensive WSGI web application library."
category = "main"
optional = false
python-versions = ">=2.7, !=3.0.*, !=3.1.*, !=3.2.*, !=3.3.*, !=3.4.*"

[package.extras]
dev = ["pytest", "pytest-timeout", "coverage", "tox", "sphinx", "pallets-sphinx-themes", "sphinx-issues"]
watchdog = ["watchdog"]

[metadata]
lock-version = "1.1"
python-versions = "^3.8"
content-hash = "58a7358a54416483c8c160e84682e00de0820f71e20a5d52a566f8c1d8ac0d28"

[metadata.files]
certifi = [
    {file = "certifi-2020.12.5-py2.py3-none-any.whl", hash = "sha256:719a74fb9e33b9bd44cc7f3a8d94bc35e4049deebe19ba7d8e108280cfd59830"},
    {file = "certifi-2020.12.5.tar.gz", hash = "sha256:1a4995114262bffbc2413b159f2a1a480c969de6e6eb13ee966d470af86af59c"},
]
chardet = [
    {file = "chardet-4.0.0-py2.py3-none-any.whl", hash = "sha256:f864054d66fd9118f2e67044ac8981a54775ec5b67aed0441892edb553d21da5"},
    {file = "chardet-4.0.0.tar.gz", hash = "sha256:0d6f53a15db4120f2b08c94f11e7d93d2c911ee118b6b30a04ec3ee8310179fa"},
]
click = [
    {file = "click-7.1.2-py2.py3-none-any.whl", hash = "sha256:dacca89f4bfadd5de3d7489b7c8a566eee0d3676333fbb50030263894c38c0dc"},
    {file = "click-7.1.2.tar.gz", hash = "sha256:d2b5255c7c6349bc1bd1e59e08cd12acbbd63ce649f2588755783aa94dfb6b1a"},
]
flask = [
    {file = "Flask-1.1.2-py2.py3-none-any.whl", hash = "sha256:8a4fdd8936eba2512e9c85df320a37e694c93945b33ef33c89946a340a238557"},
    {file = "Flask-1.1.2.tar.gz", hash = "sha256:4efa1ae2d7c9865af48986de8aeb8504bf32c7f3d6fdc9353d34b21f4b127060"},
]
flask-autoindex = [
    {file = "Flask-AutoIndex-0.6.6.tar.gz", hash = "sha256:ea319f7ccadf68ddf98d940002066278c779323644f9944b300066d50e2effc7"},
]
flask-silk = [
    {file = "Flask-Silk-0.2.tar.gz", hash = "sha256:80a21faf09fe257443a4fbbf8cd3f6c793c567c87ff784751a1c38d2e18b5fbe"},
]
future = [
    {file = "future-0.18.2.tar.gz", hash = "sha256:b1bead90b70cf6ec3f0710ae53a525360fa360d306a86583adc6bf83a4db537d"},
]
idna = [
    {file = "idna-2.10-py2.py3-none-any.whl", hash = "sha256:b97d804b1e9b523befed77c48dacec60e6dcb0b5391d57af6a65a312a90648c0"},
    {file = "idna-2.10.tar.gz", hash = "sha256:b307872f855b18632ce0c21c5e45be78c0ea7ae4c15c828c20788b26921eb3f6"},
]
itsdangerous = [
    {file = "itsdangerous-1.1.0-py2.py3-none-any.whl", hash = "sha256:b12271b2047cb23eeb98c8b5622e2e5c5e9abd9784a153e9d8ef9cb4dd09d749"},
    {file = "itsdangerous-1.1.0.tar.gz", hash = "sha256:321b033d07f2a4136d3ec762eac9f16a10ccd60f53c0c91af90217ace7ba1f19"},
]
jinja2 = [
    {file = "Jinja2-2.11.3-py2.py3-none-any.whl", hash = "sha256:03e47ad063331dd6a3f04a43eddca8a966a26ba0c5b7207a9a9e4e08f1b29419"},
    {file = "Jinja2-2.11.3.tar.gz", hash = "sha256:a6d58433de0ae800347cab1fa3043cebbabe8baa9d29e668f1c768cb87a333c6"},
]
markupsafe = [
    {file = "MarkupSafe-1.1.1-cp27-cp27m-macosx_10_6_intel.whl", hash = "sha256:09027a7803a62ca78792ad89403b1b7a73a01c8cb65909cd876f7fcebd79b161"},
    {file = "MarkupSafe-1.1.1-cp27-cp27m-manylinux1_i686.whl", hash = "sha256:e249096428b3ae81b08327a63a485ad0878de3fb939049038579ac0ef61e17e7"},
    {file = "MarkupSafe-1.1.1-cp27-cp27m-manylinux1_x86_64.whl", hash = "sha256:500d4957e52ddc3351cabf489e79c91c17f6e0899158447047588650b5e69183"},
    {file = "MarkupSafe-1.1.1-cp27-cp27m-win32.whl", hash = "sha256:b2051432115498d3562c084a49bba65d97cf251f5a331c64a12ee7e04dacc51b"},
    {file = "MarkupSafe-1.1.1-cp27-cp27m-win_amd64.whl", hash = "sha256:98c7086708b163d425c67c7a91bad6e466bb99d797aa64f965e9d25c12111a5e"},
    {file = "MarkupSafe-1.1.1-cp27-cp27mu-manylinux1_i686.whl", hash = "sha256:cd5df75523866410809ca100dc9681e301e3c27567cf498077e8551b6d20e42f"},
    {file = "MarkupSafe-1.1.1-cp27-cp27mu-manylinux1_x86_64.whl", hash = "sha256:43a55c2930bbc139570ac2452adf3d70cdbb3cfe5912c71cdce1c2c6bbd9c5d1"},
    {file = "MarkupSafe-1.1.1-cp34-cp34m-macosx_10_6_intel.whl", hash = "sha256:1027c282dad077d0bae18be6794e6b6b8c91d58ed8a8d89a89d59693b9131db5"},
    {file = "MarkupSafe-1.1.1-cp34-cp34m-manylinux1_i686.whl", hash = "sha256:62fe6c95e3ec8a7fad637b7f3d372c15ec1caa01ab47926cfdf7a75b40e0eac1"},
    {file = "MarkupSafe-1.1.1-cp34-cp34m-manylinux1_x86_64.whl", hash = "sha256:88e5fcfb52ee7b911e8bb6d6aa2fd21fbecc674eadd44118a9cc3863f938e735"},
    {file = "MarkupSafe-1.1.1-cp34-cp34m-win32.whl", hash = "sha256:ade5e387d2ad0d7ebf59146cc00c8044acbd863725f887353a10df825fc8ae21"},
    {file = "MarkupSafe-1.1.1-cp34-cp34m-win_amd64.whl", hash = "sha256:09c4b7f37d6c648cb13f9230d847adf22f8171b1ccc4d5682398e77f40309235"},
    {file = "MarkupSafe-1.1.1-cp35-cp35m-macosx_10_6_intel.whl", hash = "sha256:79855e1c5b8da654cf486b830bd42c06e8780cea587384cf6545b7d9ac013a0b"},
    {file = "MarkupSafe-1.1.1-cp35-cp35m-manylinux1_i686.whl", hash = "sha256:c8716a48d94b06bb3b2524c2b77e055fb313aeb4ea620c8dd03a105574ba704f"},
    {file = "MarkupSafe-1.1.1-cp35-cp35m-manylinux1_x86_64.whl", hash = "sha256:7c1699dfe0cf8ff607dbdcc1e9b9af1755371f92a68f706051cc8c37d447c905"},
    {file = "MarkupSafe-1.1.1-cp35-cp35m-win32.whl", hash = "sha256:6dd73240d2af64df90aa7c4e7481e23825ea70af4b4922f8ede5b9e35f78a3b1"},
    {file = "MarkupSafe-1.1.1-cp35-cp35m-win_amd64.whl", hash = "sha256:9add70b36c5666a2ed02b43b335fe19002ee5235efd4b8a89bfcf9005bebac0d"},
    {file = "MarkupSafe-1.1.1-cp36-cp36m-macosx_10_6_intel.whl", hash = "sha256:24982cc2533820871eba85ba648cd53d8623687ff11cbb805be4ff7b4c971aff"},
    {file = "MarkupSafe-1.1.1-cp36-cp36m-macosx_10_9_x86_64.whl", hash = "sha256:d53bc011414228441014aa71dbec320c66468c1030aae3a6e29778a3382d96e5"},
    {file = "MarkupSafe-1.1.1-cp36-cp36m-manylinux1_i686.whl", hash = "sha256:00bc623926325b26bb9605ae9eae8a215691f33cae5df11ca5424f06f2d1f473"},
    {file = "MarkupSafe-1.1.1-cp36-cp36m-manylinux1_x86_64.whl", hash = "sha256:717ba8fe3ae9cc0006d7c451f0bb265ee07739daf76355d06366154ee68d221e"},
    {file = "MarkupSafe-1.1.1-cp36-cp36m-manylinux2010_i686.whl", hash = "sha256:3b8a6499709d29c2e2399569d96719a1b21dcd94410a586a18526b143ec8470f"},
    {file = "MarkupSafe-1.1.1-cp36-cp36m-manylinux2010_x86_64.whl", hash = "sha256:84dee80c15f1b560d55bcfe6d47b27d070b4681c699c572af2e3c7cc90a3b8e0"},
    {file = "MarkupSafe-1.1.1-cp36-cp36m-manylinux2014_aarch64.whl", hash = "sha256:b1dba4527182c95a0db8b6060cc98ac49b9e2f5e64320e2b56e47cb2831978c7"},
    {file = "MarkupSafe-1.1.1-cp36-cp36m-win32.whl", hash = "sha256:535f6fc4d397c1563d08b88e485c3496cf5784e927af890fb3c3aac7f933ec66"},
    {file = "MarkupSafe-1.1.1-cp36-cp36m-win_amd64.whl", hash = "sha256:b1282f8c00509d99fef04d8ba936b156d419be841854fe901d8ae224c59f0be5"},
    {file = "MarkupSafe-1.1.1-cp37-cp37m-macosx_10_6_intel.whl", hash = "sha256:8defac2f2ccd6805ebf65f5eeb132adcf2ab57aa11fdf4c0dd5169a004710e7d"},
    {file = "MarkupSafe-1.1.1-cp37-cp37m-macosx_10_9_x86_64.whl", hash = "sha256:bf5aa3cbcfdf57fa2ee9cd1822c862ef23037f5c832ad09cfea57fa846dec193"},
    {file = "MarkupSafe-1.1.1-cp37-cp37m-manylinux1_i686.whl", hash = "sha256:46c99d2de99945ec5cb54f23c8cd5689f6d7177305ebff350a58ce5f8de1669e"},
    {file = "MarkupSafe-1.1.1-cp37-cp37m-manylinux1_x86_64.whl", hash = "sha256:ba59edeaa2fc6114428f1637ffff42da1e311e29382d81b339c1817d37ec93c6"},
    {file = "MarkupSafe-1.1.1-cp37-cp37m-manylinux2010_i686.whl", hash = "sha256:6fffc775d90dcc9aed1b89219549b329a9250d918fd0b8fa8d93d154918422e1"},
    {file = "MarkupSafe-1.1.1-cp37-cp37m-manylinux2010_x86_64.whl", hash = "sha256:a6a744282b7718a2a62d2ed9d993cad6f5f585605ad352c11de459f4108df0a1"},
    {file = "MarkupSafe-1.1.1-cp37-cp37m-manylinux2014_aarch64.whl", hash = "sha256:195d7d2c4fbb0ee8139a6cf67194f3973a6b3042d742ebe0a9ed36d8b6f0c07f"},
    {file = "MarkupSafe-1.1.1-cp37-cp37m-win32.whl", hash = "sha256:b00c1de48212e4cc9603895652c5c410df699856a2853135b3967591e4beebc2"},
    {file = "MarkupSafe-1.1.1-cp37-cp37m-win_amd64.whl", hash = "sha256:9bf40443012702a1d2070043cb6291650a0841ece432556f784f004937f0f32c"},
    {file = "MarkupSafe-1.1.1-cp38-cp38-macosx_10_9_x86_64.whl", hash = "sha256:6788b695d50a51edb699cb55e35487e430fa21f1ed838122d722e0ff0ac5ba15"},
    {file = "MarkupSafe-1.1.1-cp38-cp38-manylinux1_i686.whl", hash = "sha256:cdb132fc825c38e1aeec2c8aa9338310d29d337bebbd7baa06889d09a60a1fa2"},
    {file = "MarkupSafe-1.1.1-cp38-cp38-manylinux1_x86_64.whl", hash = "sha256:13d3144e1e340870b25e7b10b98d779608c02016d5184cfb9927a9f10c689f42"},
    {file = "MarkupSafe-1.1.1-cp38-cp38-manylinux2010_i686.whl", hash = "sha256:acf08ac40292838b3cbbb06cfe9b2cb9ec78fce8baca31ddb87aaac2e2dc3bc2"},
    {file = "MarkupSafe-1.1.1-cp38-cp38-manylinux2010_x86_64.whl", hash = "sha256:d9be0ba6c527163cbed5e0857c451fcd092ce83947944d6c14bc95441203f032"},
    {file = "MarkupSafe-1.1.1-cp38-cp38-manylinux2014_aarch64.whl", hash = "sha256:caabedc8323f1e93231b52fc32bdcde6db817623d33e100708d9a68e1f53b26b"},
    {file = "MarkupSafe-1.1.1-cp38-cp38-win32.whl", hash = "sha256:596510de112c685489095da617b5bcbbac7dd6384aeebeda4df6025d0256a81b"},
    {file = "MarkupSafe-1.1.1-cp38-cp38-win_amd64.whl", hash = "sha256:e8313f01ba26fbbe36c7be1966a7b7424942f670f38e666995b88d012765b9be"},
    {file = "MarkupSafe-1.1.1-cp39-cp39-macosx_10_9_x86_64.whl", hash = "sha256:d73a845f227b0bfe8a7455ee623525ee656a9e2e749e4742706d80a6065d5e2c"},
    {file = "MarkupSafe-1.1.1-cp39-cp39-manylinux1_i686.whl", hash = "sha256:98bae9582248d6cf62321dcb52aaf5d9adf0bad3b40582925ef7c7f0ed85fceb"},
    {file = "MarkupSafe-1.1.1-cp39-cp39-manylinux1_x86_64.whl", hash = "sha256:2beec1e0de6924ea551859edb9e7679da6e4870d32cb766240ce17e0a0ba2014"},
    {file = "MarkupSafe-1.1.1-cp39-cp39-manylinux2010_i686.whl", hash = "sha256:7fed13866cf14bba33e7176717346713881f56d9d2bcebab207f7a036f41b850"},
    {file = "MarkupSafe-1.1.1-cp39-cp39-manylinux2010_x86_64.whl", hash = "sha256:6f1e273a344928347c1290119b493a1f0303c52f5a5eae5f16d74f48c15d4a85"},
    {file = "MarkupSafe-1.1.1-cp39-cp39-manylinux2014_aarch64.whl", hash = "sha256:feb7b34d6325451ef96bc0e36e1a6c0c1c64bc1fbec4b854f4529e51887b1621"},
    {file = "MarkupSafe-1.1.1-cp39-cp39-win32.whl", hash = "sha256:22c178a091fc6630d0d045bdb5992d2dfe14e3259760e713c490da5323866c39"},
    {file = "MarkupSafe-1.1.1-cp39-cp39-win_amd64.whl", hash = "sha256:b7d644ddb4dbd407d31ffb699f1d140bc35478da613b441c582aeb7c43838dd8"},
    {file = "MarkupSafe-1.1.1.tar.gz", hash = "sha256:29872e92839765e546828bb7754a68c418d927cd064fd4708fab9fe9c8bb116b"},
]
ply = [
    {file = "ply-3.11-py2.py3-none-any.whl", hash = "sha256:096f9b8350b65ebd2fd1346b12452efe5b9607f7482813ffca50c22722a807ce"},
    {file = "ply-3.11.tar.gz", hash = "sha256:00c7c1aaa88358b9c765b6d3000c6eec0ba42abca5351b095321aef446081da3"},
]
pyasn1 = [
    {file = "pyasn1-0.4.8-py2.4.egg", hash = "sha256:fec3e9d8e36808a28efb59b489e4528c10ad0f480e57dcc32b4de5c9d8c9fdf3"},
    {file = "pyasn1-0.4.8-py2.5.egg", hash = "sha256:0458773cfe65b153891ac249bcf1b5f8f320b7c2ce462151f8fa74de8934becf"},
    {file = "pyasn1-0.4.8-py2.6.egg", hash = "sha256:5c9414dcfede6e441f7e8f81b43b34e834731003427e5b09e4e00e3172a10f00"},
    {file = "pyasn1-0.4.8-py2.7.egg", hash = "sha256:6e7545f1a61025a4e58bb336952c5061697da694db1cae97b116e9c46abcf7c8"},
    {file = "pyasn1-0.4.8-py2.py3-none-any.whl", hash = "sha256:39c7e2ec30515947ff4e87fb6f456dfc6e84857d34be479c9d4a4ba4bf46aa5d"},
    {file = "pyasn1-0.4.8-py3.1.egg", hash = "sha256:78fa6da68ed2727915c4767bb386ab32cdba863caa7dbe473eaae45f9959da86"},
    {file = "pyasn1-0.4.8-py3.2.egg", hash = "sha256:08c3c53b75eaa48d71cf8c710312316392ed40899cb34710d092e96745a358b7"},
    {file = "pyasn1-0.4.8-py3.3.egg", hash = "sha256:03840c999ba71680a131cfaee6fab142e1ed9bbd9c693e285cc6aca0d555e576"},
    {file = "pyasn1-0.4.8-py3.4.egg", hash = "sha256:7ab8a544af125fb704feadb008c99a88805126fb525280b2270bb25cc1d78a12"},
    {file = "pyasn1-0.4.8-py3.5.egg", hash = "sha256:e89bf84b5437b532b0803ba5c9a5e054d21fec423a89952a74f87fa2c9b7bce2"},
    {file = "pyasn1-0.4.8-py3.6.egg", hash = "sha256:014c0e9976956a08139dc0712ae195324a75e142284d5f87f1a87ee1b068a359"},
    {file = "pyasn1-0.4.8-py3.7.egg", hash = "sha256:99fcc3c8d804d1bc6d9a099921e39d827026409a58f2a720dcdb89374ea0c776"},
    {file = "pyasn1-0.4.8.tar.gz", hash = "sha256:aef77c9fb94a3ac588e87841208bdec464471d9871bd5050a287cc9a475cd0ba"},
]
pycryptodomex = [
    {file = "pycryptodomex-3.10.1-cp27-cp27m-macosx_10_9_x86_64.whl", hash = "sha256:4344ab16faf6c2d9df2b6772995623698fb2d5f114dace4ab2ff335550cf71d5"},
    {file = "pycryptodomex-3.10.1-cp27-cp27m-manylinux1_i686.whl", hash = "sha256:f933ecf4cb736c7af60a6a533db2bf569717f2318b265f92907acff1db43bc34"},
    {file = "pycryptodomex-3.10.1-cp27-cp27m-manylinux1_x86_64.whl", hash = "sha256:0bd35af6a18b724c689e56f2dbbdd8e409288be71952d271ba3d9614b31d188c"},
    {file = "pycryptodomex-3.10.1-cp27-cp27m-manylinux2010_i686.whl", hash = "sha256:ec9901d19cadb80d9235ee41cc58983f18660314a0eb3fc7b11b0522ac3b6c4a"},
    {file = "pycryptodomex-3.10.1-cp27-cp27m-manylinux2010_x86_64.whl", hash = "sha256:c2b680987f418858e89dbb4f09c8c919ece62811780a27051ace72b2f69fb1be"},
    {file = "pycryptodomex-3.10.1-cp27-cp27m-manylinux2014_aarch64.whl", hash = "sha256:a6584ae58001d17bb4dc0faa8a426919c2c028ef4d90ceb4191802ca6edb8204"},
    {file = "pycryptodomex-3.10.1-cp27-cp27m-win32.whl", hash = "sha256:4195604f75cdc1db9bccdb9e44d783add3c817319c30aaff011670c9ed167690"},
    {file = "pycryptodomex-3.10.1-cp27-cp27m-win_amd64.whl", hash = "sha256:9f713ffb4e27b5575bd917c70bbc3f7b348241a351015dbbc514c01b7061ff7e"},
    {file = "pycryptodomex-3.10.1-cp27-cp27mu-manylinux1_i686.whl", hash = "sha256:418f51c61eab52d9920f4ef468d22c89dab1be5ac796f71cf3802f6a6e667df0"},
    {file = "pycryptodomex-3.10.1-cp27-cp27mu-manylinux1_x86_64.whl", hash = "sha256:8a98e02cbf8f624add45deff444539bf26345b479fc04fa0937b23cd84078d91"},
    {file = "pycryptodomex-3.10.1-cp27-cp27mu-manylinux2010_i686.whl", hash = "sha256:dbd2c361db939a4252589baa94da4404d45e3fc70da1a31e541644cdf354336e"},
    {file = "pycryptodomex-3.10.1-cp27-cp27mu-manylinux2010_x86_64.whl", hash = "sha256:564063e3782474c92cbb333effd06e6eb718471783c6e67f28c63f0fc3ac7b23"},
    {file = "pycryptodomex-3.10.1-cp27-cp27mu-manylinux2014_aarch64.whl", hash = "sha256:e4a1245e7b846e88ba63e7543483bda61b9acbaee61eadbead5a1ce479d94740"},
    {file = "pycryptodomex-3.10.1-cp35-abi3-macosx_10_9_x86_64.whl", hash = "sha256:3b8eb85b3cc7f083d87978c264d10ff9de3b4bfc46f1c6fdc2792e7d7ebc87bb"},
    {file = "pycryptodomex-3.10.1-cp35-abi3-manylinux1_i686.whl", hash = "sha256:f3bb267df679f70a9f40f17d62d22fe12e8b75e490f41807e7560de4d3e6bf9f"},
    {file = "pycryptodomex-3.10.1-cp35-abi3-manylinux1_x86_64.whl", hash = "sha256:04265a7a84ae002001249bd1de2823bcf46832bd4b58f6965567cb8a07cf4f00"},
    {file = "pycryptodomex-3.10.1-cp35-abi3-manylinux2010_i686.whl", hash = "sha256:72f44b5be46faef2a1bf2a85902511b31f4dd7b01ce0c3978e92edb2cc812a82"},
    {file = "pycryptodomex-3.10.1-cp35-abi3-manylinux2010_x86_64.whl", hash = "sha256:e090a8609e2095aa86978559b140cf8968af99ee54b8791b29ff804838f29f10"},
    {file = "pycryptodomex-3.10.1-cp35-abi3-manylinux2014_aarch64.whl", hash = "sha256:20c45a30f3389148f94edb77f3b216c677a277942f62a2b81a1cc0b6b2dde7fc"},
    {file = "pycryptodomex-3.10.1-cp35-abi3-win32.whl", hash = "sha256:fc9c55dc1ed57db76595f2d19a479fc1c3a1be2c9da8de798a93d286c5f65f38"},
    {file = "pycryptodomex-3.10.1-cp35-abi3-win_amd64.whl", hash = "sha256:3dfce70c4e425607ae87b8eae67c9c7dbba59a33b62d70f79417aef0bc5c735b"},
    {file = "pycryptodomex-3.10.1-pp27-pypy_73-macosx_10_9_x86_64.whl", hash = "sha256:940db96449d7b2ebb2c7bf190be1514f3d67914bd37e54e8d30a182bd375a1a9"},
    {file = "pycryptodomex-3.10.1-pp27-pypy_73-manylinux1_x86_64.whl", hash = "sha256:d8fae5ba3d34c868ae43614e0bd6fb61114b2687ac3255798791ce075d95aece"},
    {file = "pycryptodomex-3.10.1-pp27-pypy_73-manylinux2010_x86_64.whl", hash = "sha256:f2abeb4c4ce7584912f4d637b2c57f23720d35dd2892bfeb1b2c84b6fb7a8c88"},
    {file = "pycryptodomex-3.10.1-pp27-pypy_73-win32.whl", hash = "sha256:36dab7f506948056ceba2d57c1ade74e898401960de697cefc02f3519bd26c1b"},
    {file = "pycryptodomex-3.10.1-pp36-pypy36_pp73-macosx_10_9_x86_64.whl", hash = "sha256:37ec1b407ec032c7a0c1fdd2da12813f560bad38ae61ad9c7ce3c0573b3e5e30"},
    {file = "pycryptodomex-3.10.1-pp36-pypy36_pp73-manylinux1_x86_64.whl", hash = "sha256:00a584ee52bf5e27d540129ca9bf7c4a7e7447f24ff4a220faa1304ad0c09bcd"},
    {file = "pycryptodomex-3.10.1-pp36-pypy36_pp73-manylinux2010_x86_64.whl", hash = "sha256:961333e7ee896651f02d4692242aa36b787b8e8e0baa2256717b2b9d55ae0a3c"},
    {file = "pycryptodomex-3.10.1-pp36-pypy36_pp73-win32.whl", hash = "sha256:2959304d1ce31ab303d9fb5db2b294814278b35154d9b30bf7facc52d6088d0a"},
    {file = "pycryptodomex-3.10.1.tar.gz", hash = "sha256:541cd3e3e252fb19a7b48f420b798b53483302b7fe4d9954c947605d0a263d62"},
]
pymongo = [
    {file = "pymongo-3.11.3-cp27-cp27m-macosx_10_14_intel.whl", hash = "sha256:4d959e929cec805c2bf391418b1121590b4e7d5cb00af7b1ba521443d45a0918"},
    {file = "pymongo-3.11.3-cp27-cp27m-manylinux1_i686.whl", hash = "sha256:9fbffc5bad4df99a509783cbd449ed0d24fcd5a450c28e7756c8f20eda3d2aa5"},
    {file = "pymongo-3.11.3-cp27-cp27m-manylinux1_x86_64.whl", hash = "sha256:bd351ceb2decd23d523fc50bad631ee9ae6e97e7cdc355ce5600fe310484f96e"},
    {file = "pymongo-3.11.3-cp27-cp27m-win32.whl", hash = "sha256:7d2ae2f7c50adec20fde46a73465de31a6a6fbb4903240f8b7304549752ca7a1"},
    {file = "pymongo-3.11.3-cp27-cp27m-win_amd64.whl", hash = "sha256:b1aa62903a2c5768b0001632efdea2e8da6c80abdd520c2e8a16001cc9affb23"},
    {file = "pymongo-3.11.3-cp27-cp27mu-manylinux1_i686.whl", hash = "sha256:180511abfef70feb022360b35f4863dd68e08334197089201d5c52208de9ca2e"},
    {file = "pymongo-3.11.3-cp27-cp27mu-manylinux1_x86_64.whl", hash = "sha256:42f9ec9d77358f557fe17cc15e796c4d4d492ede1a30cba3664822cae66e97c5"},
    {file = "pymongo-3.11.3-cp34-cp34m-macosx_10_6_intel.whl", hash = "sha256:3dbc67754882d740f17809342892f0b24398770bd99d48c5cb5ba89f5f5dee4e"},
    {file = "pymongo-3.11.3-cp34-cp34m-manylinux1_i686.whl", hash = "sha256:733e1cfffc4cd99848230e2999c8a86e284c6af6746482f8ad2ad554dce14e39"},
    {file = "pymongo-3.11.3-cp34-cp34m-manylinux1_x86_64.whl", hash = "sha256:622a5157ffcd793d305387c1c9fb94185f496c8c9fd66dafb59de0807bc14ad7"},
    {file = "pymongo-3.11.3-cp34-cp34m-win32.whl", hash = "sha256:2aeb108da1ed8e066800fb447ba5ae89d560e6773d228398a87825ac3630452d"},
    {file = "pymongo-3.11.3-cp34-cp34m-win_amd64.whl", hash = "sha256:7c77801620e5e75fb9c7abae235d3cc45d212a67efa98f4972eef63e736a8daa"},
    {file = "pymongo-3.11.3-cp35-cp35m-macosx_10_6_intel.whl", hash = "sha256:29390c39ca873737689a0749c9c3257aad96b323439b11279fbc0ba8626ec9c5"},
    {file = "pymongo-3.11.3-cp35-cp35m-manylinux1_i686.whl", hash = "sha256:a8b02e0119d6ee381a265d8d2450a38096f82916d895fed2dfd81d4c7a54d6e4"},
    {file = "pymongo-3.11.3-cp35-cp35m-manylinux1_x86_64.whl", hash = "sha256:28633868be21a187702a8613913e13d1987d831529358c29fc6f6670413df040"},
    {file = "pymongo-3.11.3-cp35-cp35m-manylinux2014_aarch64.whl", hash = "sha256:685b884fa41bd2913fd20af85866c4ff886b7cbb7e4833b918996aa5d45a04be"},
    {file = "pymongo-3.11.3-cp35-cp35m-manylinux2014_i686.whl", hash = "sha256:7cd42c66d49ffb68dea065e1c8a4323e7ceab386e660fee9863d4fa227302ba9"},
    {file = "pymongo-3.11.3-cp35-cp35m-manylinux2014_ppc64le.whl", hash = "sha256:950710f7370613a6bfa2ccd842b488c5b8072e83fb6b7d45d99110bf44651d06"},
    {file = "pymongo-3.11.3-cp35-cp35m-manylinux2014_s390x.whl", hash = "sha256:c7fd18d4b7939408df9315fedbdb05e179760960a92b3752498e2fcd03f24c3d"},
    {file = "pymongo-3.11.3-cp35-cp35m-manylinux2014_x86_64.whl", hash = "sha256:cc359e408712faf9ea775f4c0ec8f2bfc843afe47747a657808d9595edd34d71"},
    {file = "pymongo-3.11.3-cp35-cp35m-win32.whl", hash = "sha256:7814b2cf23aad23464859973c5cd2066ca2fd99e0b934acefbb0b728ac2525bf"},
    {file = "pymongo-3.11.3-cp35-cp35m-win_amd64.whl", hash = "sha256:e1414599a97554d451e441afb362dbee1505e4550852c0068370d843757a3fe2"},
    {file = "pymongo-3.11.3-cp36-cp36m-macosx_10_6_intel.whl", hash = "sha256:0384d76b409278ddb34ac19cdc4664511685959bf719adbdc051875ded4689aa"},
    {file = "pymongo-3.11.3-cp36-cp36m-manylinux1_i686.whl", hash = "sha256:22ee2c94fee1e391735be63aa1c9af4c69fdcb325ae9e5e4ddff770248ef60a6"},
    {file = "pymongo-3.11.3-cp36-cp36m-manylinux1_x86_64.whl", hash = "sha256:db6fd53ef5f1914ad801830406440c3bfb701e38a607eda47c38adba267ba300"},
    {file = "pymongo-3.11.3-cp36-cp36m-manylinux2014_aarch64.whl", hash = "sha256:66b688fc139c6742057795510e3b12c4acbf90d11af1eff9689a41d9c84478d6"},
    {file = "pymongo-3.11.3-cp36-cp36m-manylinux2014_i686.whl", hash = "sha256:6a5834e392c97f19f36670e34bf9d346d733ad89ee0689a6419dd737dfa4308a"},
    {file = "pymongo-3.11.3-cp36-cp36m-manylinux2014_ppc64le.whl", hash = "sha256:87981008d565f647142869d99915cc4760b7725858da3d39ecb2a606e23f36fd"},
    {file = "pymongo-3.11.3-cp36-cp36m-manylinux2014_s390x.whl", hash = "sha256:413b18ac2222f5d961eb8d1c8dcca6c6ca176c8613636d8c13aa23abae7f7a21"},
    {file = "pymongo-3.11.3-cp36-cp36m-manylinux2014_x86_64.whl", hash = "sha256:610d5cbbfd026e2f6d15665af51e048e49b68363fedece2ed318cc8fe080dd94"},
    {file = "pymongo-3.11.3-cp36-cp36m-win32.whl", hash = "sha256:3873866534b6527e6863e742eb23ea2a539e3c7ee00ad3f9bec9da27dbaaff6f"},
    {file = "pymongo-3.11.3-cp36-cp36m-win_amd64.whl", hash = "sha256:b17e627844d86031c77147c40bf992a6e1114025a460874deeda6500d0f34862"},
    {file = "pymongo-3.11.3-cp37-cp37m-macosx_10_6_intel.whl", hash = "sha256:05e2bda928a3a6bc6ddff9e5a8579d41928b75d7417b18f9a67c82bb52150ac6"},
    {file = "pymongo-3.11.3-cp37-cp37m-manylinux1_i686.whl", hash = "sha256:19d52c60dc37520385f538d6d1a4c40bc398e0885f4ed6a36ce10b631dab2852"},
    {file = "pymongo-3.11.3-cp37-cp37m-manylinux1_x86_64.whl", hash = "sha256:2163d736d6f62b20753be5da3dc07a188420b355f057fcbb3075b05ee6227b2f"},
    {file = "pymongo-3.11.3-cp37-cp37m-manylinux2014_aarch64.whl", hash = "sha256:b4535d98df83abebb572035754fb3d4ad09ce7449375fa09fa9ede2dbc87b62b"},
    {file = "pymongo-3.11.3-cp37-cp37m-manylinux2014_i686.whl", hash = "sha256:cd8fc35d4c0c717cc29b0cb894871555cb7137a081e179877ecc537e2607f0b9"},
    {file = "pymongo-3.11.3-cp37-cp37m-manylinux2014_ppc64le.whl", hash = "sha256:92e2376ce3ca0e3e443b3c5c2bb5d584c7e59221edfb0035313c6306049ba55a"},
    {file = "pymongo-3.11.3-cp37-cp37m-manylinux2014_s390x.whl", hash = "sha256:4ca92e15fcf02e02e7c24b448a16599b98c9d0e6a46cd85cc50804450ebf7245"},
    {file = "pymongo-3.11.3-cp37-cp37m-manylinux2014_x86_64.whl", hash = "sha256:5a03ae5ac85b04b2034a0689add9ff597b16d5e24066a87f6ab0e9fa67049156"},
    {file = "pymongo-3.11.3-cp37-cp37m-win32.whl", hash = "sha256:bc2eb67387b8376120a2be6cba9d23f9d6a6c3828e00fb0a64c55ad7b54116d1"},
    {file = "pymongo-3.11.3-cp37-cp37m-win_amd64.whl", hash = "sha256:5e1341276ce8b7752db9aeac6bbb0cbe82a3f6a6186866bf6b4906d8d328d50b"},
    {file = "pymongo-3.11.3-cp38-cp38-macosx_10_9_x86_64.whl", hash = "sha256:4ac387ac1be71b798d1c372a924f9c30352f30e684e06f086091297352698ac0"},
    {file = "pymongo-3.11.3-cp38-cp38-manylinux1_i686.whl", hash = "sha256:728313cc0d59d1a1a004f675607dcf5c711ced3f55e75d82b3f264fd758869f3"},
    {file = "pymongo-3.11.3-cp38-cp38-manylinux1_x86_64.whl", hash = "sha256:daa44cefde19978af57ac1d50413cd86ebf2b497328e7a27832f5824bda47439"},
    {file = "pymongo-3.11.3-cp38-cp38-manylinux2014_aarch64.whl", hash = "sha256:322f6cc7bf23a264151ebc5229a92600c4b55ac83c83c91c9bab1ec92c888a8d"},
    {file = "pymongo-3.11.3-cp38-cp38-manylinux2014_i686.whl", hash = "sha256:6043d251fac27ca04ff22ed8deb5ff7a43dc18e8a4a15b4c442d2a20fa313162"},
    {file = "pymongo-3.11.3-cp38-cp38-manylinux2014_ppc64le.whl", hash = "sha256:66573c8c7808cce4f3b56c23cb7cad6c3d7f4c464b9016d35f5344ad743896d7"},
    {file = "pymongo-3.11.3-cp38-cp38-manylinux2014_s390x.whl", hash = "sha256:bf70097bd497089f1baabf9cbb3ec4f69c022dc7a70c41ba9c238fa4d0fff7ab"},
    {file = "pymongo-3.11.3-cp38-cp38-manylinux2014_x86_64.whl", hash = "sha256:f23abcf6eca5859a2982beadfb5111f8c5e76e30ff99aaee3c1c327f814f9f10"},
    {file = "pymongo-3.11.3-cp38-cp38-win32.whl", hash = "sha256:1d559a76ae87143ad96c2ecd6fdd38e691721e175df7ced3fcdc681b4638bca1"},
    {file = "pymongo-3.11.3-cp38-cp38-win_amd64.whl", hash = "sha256:152e4ac3158b776135d8fce28d2ac06e682b885fcbe86690d66465f262ab244e"},
    {file = "pymongo-3.11.3-cp39-cp39-macosx_10_9_x86_64.whl", hash = "sha256:34c15f5798f23488e509eae82fbf749c3d17db74379a88c07c869ece1aa806b9"},
    {file = "pymongo-3.11.3-cp39-cp39-manylinux1_i686.whl", hash = "sha256:210ec4a058480b9c3869082e52b66d80c4a48eda9682d7a569a1a5a48100ea54"},
    {file = "pymongo-3.11.3-cp39-cp39-manylinux1_x86_64.whl", hash = "sha256:b44fa04720bbfd617b6aef036989c8c30435f11450c0a59136291d7b41ed647f"},
    {file = "pymongo-3.11.3-cp39-cp39-manylinux2014_aarch64.whl", hash = "sha256:b32e4eed2ef19a20dfb57698497a9bc54e74efb2e260c003e9056c145f130dc7"},
    {file = "pymongo-3.11.3-cp39-cp39-manylinux2014_i686.whl", hash = "sha256:5091aacbdb667b418b751157f48f6daa17142c4f9063d58e5a64c90b2afbdf9a"},
    {file = "pymongo-3.11.3-cp39-cp39-manylinux2014_ppc64le.whl", hash = "sha256:bb6a5777bf558f444cd4883d617546182cfeff8f2d4acd885253f11a16740534"},
    {file = "pymongo-3.11.3-cp39-cp39-manylinux2014_s390x.whl", hash = "sha256:980527f4ccc6644855bb68056fe7835da6d06d37776a52df5bcc1882df57c3db"},
    {file = "pymongo-3.11.3-cp39-cp39-manylinux2014_x86_64.whl", hash = "sha256:65b67637f0a25ac9d25efb13c1578eb065870220ffa82f132c5b2d8e43ac39c3"},
    {file = "pymongo-3.11.3-cp39-cp39-win32.whl", hash = "sha256:f6748c447feeadda059719ef5ab1fb9d84bd370e205b20049a0e8b45ef4ad593"},
    {file = "pymongo-3.11.3-cp39-cp39-win_amd64.whl", hash = "sha256:ee42a8f850143ae7c67ea09a183a6a4ad8d053e1dbd9a1134e21a7b5c1bc6c73"},
    {file = "pymongo-3.11.3-py2.7-macosx-10.14-intel.egg", hash = "sha256:7edff02e44dd0badd749d7342e40705a398d98c5d8f7570f57cff9568c2351fa"},
    {file = "pymongo-3.11.3.tar.gz", hash = "sha256:db5098587f58fbf8582d9bda2462762b367207246d3e19623782fb449c3c5fcc"},
]
pysmi = [
    {file = "pysmi-0.3.4-py2.4.egg", hash = "sha256:13d937620529468d34d525089abbd569f3b34dd808085d34586e63fbbda40fdb"},
    {file = "pysmi-0.3.4-py2.5.egg", hash = "sha256:887f34233d284a3298f67e2e01db0af8817f358501c724f02175ae53a1f4f106"},
    {file = "pysmi-0.3.4-py2.6.egg", hash = "sha256:d6688b6121b71f18ca19040bfd27feca5f7a502598de953ec09a8e3f06c36a4e"},
    {file = "pysmi-0.3.4-py2.7.egg", hash = "sha256:abbd70efb8cf24d6c0bc782c996cd38f0c4905714edf8d03acbaa8ccd9c74eb7"},
    {file = "pysmi-0.3.4-py2.py3-none-any.whl", hash = "sha256:2ec6ebd41aaef562695e7d0058763c6e1e8c1fbf8710804c11ef3a857fc9cad7"},
    {file = "pysmi-0.3.4-py3.1.egg", hash = "sha256:ed44154e5d247edfad09bbe24a398cec54b6c393df2fa5103cf59ccf9278855a"},
    {file = "pysmi-0.3.4-py3.2.egg", hash = "sha256:9d989714a8ad40253b1adbb410067c339b4c77ecd004daa071055e200fe9a798"},
    {file = "pysmi-0.3.4-py3.3.egg", hash = "sha256:9fb837bb5662b11cce8d44e2dfff8604b97276ff9614aa74d5a33d1cea96d627"},
    {file = "pysmi-0.3.4-py3.4.egg", hash = "sha256:6e8524b80c6641bb9d81319e54bb0b75f47543e7d3bc7e8f12dcda960d7359c8"},
    {file = "pysmi-0.3.4-py3.5.egg", hash = "sha256:e4dc8155ccf2b7eaf96aef4b31f7558ce1cf41b3bb27d0cbe341b3c157531088"},
    {file = "pysmi-0.3.4-py3.6.egg", hash = "sha256:817c572dc8262a4b2ccff34b27e42ee55e48f74be42d22308b637aa236ce1785"},
    {file = "pysmi-0.3.4-py3.7.egg", hash = "sha256:7203220305bab6a20e2811fca927031440d3b1f9a4a1a5a2a12c033b911dc594"},
    {file = "pysmi-0.3.4.tar.gz", hash = "sha256:bd15a15020aee8376cab5be264c26330824a8b8164ed0195bd402dd59e4e8f7c"},
]
pysnmp = [
    {file = "pysnmp-4.4.12-py2.4.egg", hash = "sha256:5459b70e849eb4d14bd4c8e475fc67bfa4cd6676fc53aa2f307194319ce77602"},
    {file = "pysnmp-4.4.12-py2.5.egg", hash = "sha256:13177be8030bbc751d94b1f844cb8d8c2d62844dfd86383576e20f09864427b2"},
    {file = "pysnmp-4.4.12-py2.6.egg", hash = "sha256:c8d8a403e45a752daefed4635044b137c4390c68ffef54307e2390d8ac9e62e4"},
    {file = "pysnmp-4.4.12-py2.7.egg", hash = "sha256:3fa5f96a47986658564fa5c4a75b9ea617397729028f2a40b88972139a3e67f7"},
    {file = "pysnmp-4.4.12-py2.py3-none-any.whl", hash = "sha256:d90946c5d7c55b1ddc03e065a99a2ed36e748dcf166ca04ee4126b8f25fc057a"},
    {file = "pysnmp-4.4.12-py3.1.egg", hash = "sha256:8019dba728fbb5216645e1c1bd7bccaf25e938243d5dc7e28dbcc6ac029ff8b9"},
    {file = "pysnmp-4.4.12-py3.2.egg", hash = "sha256:e41b7dbd7e54030dd99a0780728bac3335f4d95c3f28f9b8df827f6075b8ccec"},
    {file = "pysnmp-4.4.12-py3.3.egg", hash = "sha256:ce2f260a41a107f08264a53c74940e0ad8ae7e35d9e10f33746716ac5c028592"},
    {file = "pysnmp-4.4.12-py3.4.egg", hash = "sha256:5e48994f48c5800022fff5d380976d88fcd27c17f1635ea4ef1d52796b1acd08"},
    {file = "pysnmp-4.4.12-py3.5.egg", hash = "sha256:578bb1dab0e67dfc583a61f721a9f6378c51b576ed6a90b229aefd60a9f965f6"},
    {file = "pysnmp-4.4.12-py3.6.egg", hash = "sha256:89ef66e511a0f770ec9bc7df8bebe6bebb3a3dc3b7394b7d408e42f92f74458b"},
    {file = "pysnmp-4.4.12-py3.7.egg", hash = "sha256:396b80187e6175481982b83f87d2de28c7068937d6772b5e2679cb56853bf7d7"},
    {file = "pysnmp-4.4.12.tar.gz", hash = "sha256:0c3dbef2f958caca96071fe5c19de43e9c1b0484ab02a0cf08b190bcee768ba9"},
]
pyyaml = [
    {file = "PyYAML-5.4.1-cp27-cp27m-macosx_10_9_x86_64.whl", hash = "sha256:3b2b1824fe7112845700f815ff6a489360226a5609b96ec2190a45e62a9fc922"},
    {file = "PyYAML-5.4.1-cp27-cp27m-win32.whl", hash = "sha256:129def1b7c1bf22faffd67b8f3724645203b79d8f4cc81f674654d9902cb4393"},
    {file = "PyYAML-5.4.1-cp27-cp27m-win_amd64.whl", hash = "sha256:4465124ef1b18d9ace298060f4eccc64b0850899ac4ac53294547536533800c8"},
    {file = "PyYAML-5.4.1-cp27-cp27mu-manylinux1_x86_64.whl", hash = "sha256:bb4191dfc9306777bc594117aee052446b3fa88737cd13b7188d0e7aa8162185"},
    {file = "PyYAML-5.4.1-cp36-cp36m-macosx_10_9_x86_64.whl", hash = "sha256:6c78645d400265a062508ae399b60b8c167bf003db364ecb26dcab2bda048253"},
    {file = "PyYAML-5.4.1-cp36-cp36m-manylinux1_x86_64.whl", hash = "sha256:4e0583d24c881e14342eaf4ec5fbc97f934b999a6828693a99157fde912540cc"},
    {file = "PyYAML-5.4.1-cp36-cp36m-win32.whl", hash = "sha256:3bd0e463264cf257d1ffd2e40223b197271046d09dadf73a0fe82b9c1fc385a5"},
    {file = "PyYAML-5.4.1-cp36-cp36m-win_amd64.whl", hash = "sha256:e4fac90784481d221a8e4b1162afa7c47ed953be40d31ab4629ae917510051df"},
    {file = "PyYAML-5.4.1-cp37-cp37m-macosx_10_9_x86_64.whl", hash = "sha256:5accb17103e43963b80e6f837831f38d314a0495500067cb25afab2e8d7a4018"},
    {file = "PyYAML-5.4.1-cp37-cp37m-manylinux1_x86_64.whl", hash = "sha256:e1d4970ea66be07ae37a3c2e48b5ec63f7ba6804bdddfdbd3cfd954d25a82e63"},
    {file = "PyYAML-5.4.1-cp37-cp37m-win32.whl", hash = "sha256:dd5de0646207f053eb0d6c74ae45ba98c3395a571a2891858e87df7c9b9bd51b"},
    {file = "PyYAML-5.4.1-cp37-cp37m-win_amd64.whl", hash = "sha256:08682f6b72c722394747bddaf0aa62277e02557c0fd1c42cb853016a38f8dedf"},
    {file = "PyYAML-5.4.1-cp38-cp38-macosx_10_9_x86_64.whl", hash = "sha256:d2d9808ea7b4af864f35ea216be506ecec180628aced0704e34aca0b040ffe46"},
    {file = "PyYAML-5.4.1-cp38-cp38-manylinux1_x86_64.whl", hash = "sha256:8c1be557ee92a20f184922c7b6424e8ab6691788e6d86137c5d93c1a6ec1b8fb"},
    {file = "PyYAML-5.4.1-cp38-cp38-win32.whl", hash = "sha256:fa5ae20527d8e831e8230cbffd9f8fe952815b2b7dae6ffec25318803a7528fc"},
    {file = "PyYAML-5.4.1-cp38-cp38-win_amd64.whl", hash = "sha256:0f5f5786c0e09baddcd8b4b45f20a7b5d61a7e7e99846e3c799b05c7c53fa696"},
    {file = "PyYAML-5.4.1-cp39-cp39-macosx_10_9_x86_64.whl", hash = "sha256:294db365efa064d00b8d1ef65d8ea2c3426ac366c0c4368d930bf1c5fb497f77"},
    {file = "PyYAML-5.4.1-cp39-cp39-manylinux1_x86_64.whl", hash = "sha256:74c1485f7707cf707a7aef42ef6322b8f97921bd89be2ab6317fd782c2d53183"},
    {file = "PyYAML-5.4.1-cp39-cp39-win32.whl", hash = "sha256:49d4cdd9065b9b6e206d0595fee27a96b5dd22618e7520c33204a4a3239d5b10"},
    {file = "PyYAML-5.4.1-cp39-cp39-win_amd64.whl", hash = "sha256:c20cfa2d49991c8b4147af39859b167664f2ad4561704ee74c1de03318e898db"},
    {file = "PyYAML-5.4.1.tar.gz", hash = "sha256:607774cbba28732bfa802b54baa7484215f530991055bb562efbed5b2f20a45e"},
]
requests = [
    {file = "requests-2.25.1-py2.py3-none-any.whl", hash = "sha256:c210084e36a42ae6b9219e00e48287def368a26d03a048ddad7bfee44f75871e"},
    {file = "requests-2.25.1.tar.gz", hash = "sha256:27973dd4a904a4f13b263a19c866c13b92a39ed1c964655f025f3f8d3d75b804"},
]
urllib3 = [
    {file = "urllib3-1.26.3-py2.py3-none-any.whl", hash = "sha256:1b465e494e3e0d8939b50680403e3aedaa2bc434b7d5af64dfd3c958d7f5ae80"},
    {file = "urllib3-1.26.3.tar.gz", hash = "sha256:de3eedaad74a2683334e282005cd8d7f22f4d55fa690a2a1020a416cb0a47e73"},
]
werkzeug = [
    {file = "Werkzeug-1.0.1-py2.py3-none-any.whl", hash = "sha256:2de2a5db0baeae7b2d2664949077c2ac63fbd16d98da0ff71837f7d1dea3fd43"},
    {file = "Werkzeug-1.0.1.tar.gz", hash = "sha256:6c80b1e5ad3665290ea39320b91e1be1e0d5f60652b964a3070216de83d2e47c"},
]
